{
  "name": "ProyectoFinalpadel",
  "lockfileVersion": 2,
  "requires": true,
  "packages": {
    "": {
      "dependencies": {
        "@capacitor/share": "^4.1.1",
        "jetifier": "^2.0.0"
      }
    },
    "node_modules/@capacitor/core": {
      "version": "4.7.0",
      "resolved": "https://registry.npmjs.org/@capacitor/core/-/core-4.7.0.tgz",
      "integrity": "sha512-LkjHnIoufojVjCZXogEbotN2utXxfo6TvpSgWaYndRPm/SrPFCWM8bPf/WNd8MozOkPFgcxlZnZlGHFGTeydWQ==",
      "peer": true,
      "dependencies": {
        "tslib": "^2.1.0"
      }
    },
    "node_modules/@capacitor/share": {
      "version": "4.1.1",
      "resolved": "https://registry.npmjs.org/@capacitor/share/-/share-4.1.1.tgz",
      "integrity": "sha512-srk1/8mz9U84Eyz7R0Wh76IhTAl+CaU5Q43rbwwDhjp5Q/NhNl9yNLGRZBRmV8qlyVMH7K5R2Se/VozM8CKJ/g==",
      "peerDependencies": {
        "@capacitor/core": "^4.0.0"
      }
    },
    "node_modules/jetifier": {
      "version": "2.0.0",
      "resolved": "https://registry.npmjs.org/jetifier/-/jetifier-2.0.0.tgz",
      "integrity": "sha512-J4Au9KuT74te+PCCCHKgAjyLlEa+2VyIAEPNCdE5aNkAJ6FAJcAqcdzEkSnzNksIa9NkGmC4tPiClk2e7tCJuQ==",
      "bin": {
        "jetifier": "bin/jetify",
        "jetifier-standalone": "bin/jetifier-standalone",
        "jetify": "bin/jetify"
      }
    },
    "node_modules/tslib": {
      "version": "2.5.0",
      "resolved": "https://registry.npmjs.org/tslib/-/tslib-2.5.0.tgz",
      "integrity": "sha512-336iVw3rtn2BUK7ORdIAHTyxHGRIHVReokCR3XjbckJMK7ms8FysBfhLR8IXnAgy7T0PTPNBWKiH514FOW/WSg==",
      "peer": true
    }
  },
  "dependencies": {
    "@capacitor/core": {
      "version": "4.7.0",
      "resolved": "https://registry.npmjs.org/@capacitor/core/-/core-4.7.0.tgz",
      "integrity": "sha512-LkjHnIoufojVjCZXogEbotN2utXxfo6TvpSgWaYndRPm/SrPFCWM8bPf/WNd8MozOkPFgcxlZnZlGHFGTeydWQ==",
      "peer": true,
      "requires": {
        "tslib": "^2.1.0"
      }
    },
    "@capacitor/share": {
      "version": "4.1.1",
      "resolved": "https://registry.npmjs.org/@capacitor/share/-/share-4.1.1.tgz",
      "integrity": "sha512-srk1/8mz9U84Eyz7R0Wh76IhTAl+CaU5Q43rbwwDhjp5Q/NhNl9yNLGRZBRmV8qlyVMH7K5R2Se/VozM8CKJ/g==",
      "requires": {}
    },
    "jetifier": {
      "version": "2.0.0",
      "resolved": "https://registry.npmjs.org/jetifier/-/jetifier-2.0.0.tgz",
      "integrity": "sha512-J4Au9KuT74te+PCCCHKgAjyLlEa+2VyIAEPNCdE5aNkAJ6FAJcAqcdzEkSnzNksIa9NkGmC4tPiClk2e7tCJuQ=="
    },
    "tslib": {
      "version": "2.5.0",
      "resolved": "https://registry.npmjs.org/tslib/-/tslib-2.5.0.tgz",
      "integrity": "sha512-336iVw3rtn2BUK7ORdIAHTyxHGRIHVReokCR3XjbckJMK7ms8FysBfhLR8IXnAgy7T0PTPNBWKiH514FOW/WSg==",
      "peer": true
    }
  }
}
